
Microsoft Visual Studio Solution File, Format Version 12.00
# Visual Studio 15
VisualStudioVersion = 15.0.27703.2042
MinimumVisualStudioVersion = 10.0.40219.1
Project("{FAE04EC0-301F-11D3-BF4B-00C04F79EFBC}") = "WebApi", "WebApi\WebApi.csproj", "{A33A2DF7-3A8A-47F4-9B90-C1B5A1C53179}"
EndProject
Project("{FAE04EC0-301F-11D3-BF4B-00C04F79EFBC}") = "BsWebpub", "COM\BsWebpub\BsWebpub.csproj", "{C3301DF3-5A56-4568-9A79-828B3EA24BF1}"
EndProject
Global
	GlobalSection(SolutionConfigurationPlatforms) = preSolution
		Debug|Any CPU = Debug|Any CPU
		Release|Any CPU = Release|Any CPU
	EndGlobalSection
	GlobalSection(ProjectConfigurationPlatforms) = postSolution
		{A33A2DF7-3A8A-47F4-9B90-C1B5A1C53179}.Debug|Any CPU.ActiveCfg = Debug|Any CPU
		{A33A2DF7-3A8A-47F4-9B90-C1B5A1C53179}.Debug|Any CPU.Build.0 = Debug|Any CPU
		{A33A2DF7-3A8A-47F4-9B90-C1B5A1C53179}.Release|Any CPU.ActiveCfg = Release|Any CPU
		{A33A2DF7-3A8A-47F4-9B90-C1B5A1C53179}.Release|Any CPU.Build.0 = Release|Any CPU
		{C3301DF3-5A56-4568-9A79-828B3EA24BF1}.Debug|Any CPU.ActiveCfg = Debug|Any CPU
		{C3301DF3-5A56-4568-9A79-828B3EA24BF1}.Debug|Any CPU.Build.0 = Debug|Any CPU
		{C3301DF3-5A56-4568-9A79-828B3EA24BF1}.Release|Any CPU.ActiveCfg = Release|Any CPU
		{C3301DF3-5A56-4568-9A79-828B3EA24BF1}.Release|Any CPU.Build.0 = Release|Any CPU
	EndGlobalSection
	GlobalSection(SolutionProperties) = preSolution
		HideSolutionNode = FALSE
	EndGlobalSection
	GlobalSection(ExtensibilityGlobals) = postSolution
		SolutionGuid = {943AD8E3-9798-431A-9729-AD8B11ED9444}
	EndGlobalSection
EndGlobal
